{
  "name": "@releai/default-groups",
  "version": "0.1.0",
  "lockfileVersion": 2,
  "requires": true,
  "packages": {
    "": {
      "name": "@releai/default-groups",
      "version": "0.1.0",
      "license": "Apache License",
      "dependencies": {
        "@releai/helper-plugin-utils": "file:../rb-plugin-helper-plugin-utils"
      }
    },
    "../rb-plugin-helper-plugin-utils": {
      "version": "0.1.0",
      "license": "Apache License"
    },
    "node_modules/@releai/helper-plugin-utils": {
      "resolved": "../rb-plugin-helper-plugin-utils",
      "link": true
    }
  },
  "dependencies": {
    "@releai/helper-plugin-utils": {
      "version": "file:../rb-plugin-helper-plugin-utils"
    }
  }
}
